
Microsoft Visual Studio Solution File, Format Version 12.00
# Visual Studio Version 17
VisualStudioVersion = 17.9.34616.47
MinimumVisualStudioVersion = 10.0.40219.1
Project("{FAE04EC0-301F-11D3-BF4B-00C04F79EFBC}") = "HangFireServiceAPI", "HangFireServiceAPI.csproj", "{7B320060-7572-4964-89F8-B15DE3E8475D}"
EndProject
Global
	GlobalSection(SolutionConfigurationPlatforms) = preSolution
		Debug|Any CPU = Debug|Any CPU
		Release|Any CPU = Release|Any CPU
	EndGlobalSection
	GlobalSection(ProjectConfigurationPlatforms) = postSolution
		{7B320060-7572-4964-89F8-B15DE3E8475D}.Debug|Any CPU.ActiveCfg = Debug|Any CPU
		{7B320060-7572-4964-89F8-B15DE3E8475D}.Debug|Any CPU.Build.0 = Debug|Any CPU
		{7B320060-7572-4964-89F8-B15DE3E8475D}.Release|Any CPU.ActiveCfg = Release|Any CPU
		{7B320060-7572-4964-89F8-B15DE3E8475D}.Release|Any CPU.Build.0 = Release|Any CPU
	EndGlobalSection
	GlobalSection(SolutionProperties) = preSolution
		HideSolutionNode = FALSE
	EndGlobalSection
	GlobalSection(ExtensibilityGlobals) = postSolution
		SolutionGuid = {9921A7B6-0A89-4EAC-81DE-C26C97AE9171}
	EndGlobalSection
EndGlobal
